
Microsoft Visual Studio Solution File, Format Version 12.00
# Visual Studio Version 17
VisualStudioVersion = 17.9.34607.119
MinimumVisualStudioVersion = 10.0.40219.1
Project("{FAE04EC0-301F-11D3-BF4B-00C04F79EFBC}") = "Ejemplo16657336", "Ejemplo16657336.csproj", "{B11DFE67-A2AD-4968-927A-C379EB48CBA5}"
EndProject
Global
	GlobalSection(SolutionConfigurationPlatforms) = preSolution
		Debug|Any CPU = Debug|Any CPU
		Release|Any CPU = Release|Any CPU
	EndGlobalSection
	GlobalSection(ProjectConfigurationPlatforms) = postSolution
		{B11DFE67-A2AD-4968-927A-C379EB48CBA5}.Debug|Any CPU.ActiveCfg = Debug|Any CPU
		{B11DFE67-A2AD-4968-927A-C379EB48CBA5}.Debug|Any CPU.Build.0 = Debug|Any CPU
		{B11DFE67-A2AD-4968-927A-C379EB48CBA5}.Debug|Any CPU.Deploy.0 = Debug|Any CPU
		{B11DFE67-A2AD-4968-927A-C379EB48CBA5}.Release|Any CPU.ActiveCfg = Release|Any CPU
		{B11DFE67-A2AD-4968-927A-C379EB48CBA5}.Release|Any CPU.Build.0 = Release|Any CPU
		{B11DFE67-A2AD-4968-927A-C379EB48CBA5}.Release|Any CPU.Deploy.0 = Release|Any CPU
	EndGlobalSection
	GlobalSection(SolutionProperties) = preSolution
		HideSolutionNode = FALSE
	EndGlobalSection
	GlobalSection(ExtensibilityGlobals) = postSolution
		SolutionGuid = {B02BD8B3-508D-44DC-93E9-D1C189BEF57D}
	EndGlobalSection
EndGlobal
